// !$*UTF8*$!
{
	archiveVersion = 1;
	classes = {
	};
	objectVersion = 50;
	objects = {

/* Begin PBXBuildFile section */
		F2F9A44326100096003BFB94 /* AppDelegate.swift in Sources */ = {isa = PBXBuildFile; fileRef = F2F9A44226100096003BFB94 /* AppDelegate.swift */; };
		F2F9A44526100096003BFB94 /* SceneDelegate.swift in Sources */ = {isa = PBXBuildFile; fileRef = F2F9A44426100096003BFB94 /* SceneDelegate.swift */; };
		F2F9A44726100096003BFB94 /* ViewController.swift in Sources */ = {isa = PBXBuildFile; fileRef = F2F9A44626100096003BFB94 /* ViewController.swift */; };
		F2F9A44A26100096003BFB94 /* Main.storyboard in Resources */ = {isa = PBXBuildFile; fileRef = F2F9A44826100096003BFB94 /* Main.storyboard */; };
		F2F9A44C26100099003BFB94 /* Assets.xcassets in Resources */ = {isa = PBXBuildFile; fileRef = F2F9A44B26100099003BFB94 /* Assets.xcassets */; };
		F2F9A44F26100099003BFB94 /* LaunchScreen.storyboard in Resources */ = {isa = PBXBuildFile; fileRef = F2F9A44D26100099003BFB94 /* LaunchScreen.storyboard */; };
		F2F9A47A2610074E003BFB94 /* Network.swift in Sources */ = {isa = PBXBuildFile; fileRef = F2F9A4792610074E003BFB94 /* Network.swift */; };
		F2F9A48726100BF5003BFB94 /* NetworkEndToEndClientTests.swift in Sources */ = {isa = PBXBuildFile; fileRef = F2F9A48626100BF5003BFB94 /* NetworkEndToEndClientTests.swift */; };
/* End PBXBuildFile section */

/* Begin PBXContainerItemProxy section */
		F2F9A48926100BF5003BFB94 /* PBXContainerItemProxy */ = {
			isa = PBXContainerItemProxy;
			containerPortal = F2F9A43726100096003BFB94 /* Project object */;
			proxyType = 1;
			remoteGlobalIDString = F2F9A43E26100096003BFB94;
			remoteInfo = NetworkExpectation;
		};
/* End PBXContainerItemProxy section */

/* Begin PBXFileReference section */
		F2F9A43F26100096003BFB94 /* NetworkExpectation.app */ = {isa = PBXFileReference; explicitFileType = wrapper.application; includeInIndex = 0; path = NetworkExpectation.app; sourceTree = BUILT_PRODUCTS_DIR; };
		F2F9A44226100096003BFB94 /* AppDelegate.swift */ = {isa = PBXFileReference; lastKnownFileType = sourcecode.swift; path = AppDelegate.swift; sourceTree = "<group>"; };
		F2F9A44426100096003BFB94 /* SceneDelegate.swift */ = {isa = PBXFileReference; lastKnownFileType = sourcecode.swift; path = SceneDelegate.swift; sourceTree = "<group>"; };
		F2F9A44626100096003BFB94 /* ViewController.swift */ = {isa = PBXFileReference; lastKnownFileType = sourcecode.swift; path = ViewController.swift; sourceTree = "<group>"; };
		F2F9A44926100096003BFB94 /* Base */ = {isa = PBXFileReference; lastKnownFileType = file.storyboard; name = Base; path = Base.lproj/Main.storyboard; sourceTree = "<group>"; };
		F2F9A44B26100099003BFB94 /* Assets.xcassets */ = {isa = PBXFileReference; lastKnownFileType = folder.assetcatalog; path = Assets.xcassets; sourceTree = "<group>"; };
		F2F9A44E26100099003BFB94 /* Base */ = {isa = PBXFileReference; lastKnownFileType = file.storyboard; name = Base; path = Base.lproj/LaunchScreen.storyboard; sourceTree = "<group>"; };
		F2F9A45026100099003BFB94 /* Info.plist */ = {isa = PBXFileReference; lastKnownFileType = text.plist.xml; path = Info.plist; sourceTree = "<group>"; };
		F2F9A4792610074E003BFB94 /* Network.swift */ = {isa = PBXFileReference; lastKnownFileType = sourcecode.swift; path = Network.swift; sourceTree = "<group>"; };
		F2F9A48426100BF5003BFB94 /* NetworkClientTests.xctest */ = {isa = PBXFileReference; explicitFileType = wrapper.cfbundle; includeInIndex = 0; path = NetworkClientTests.xctest; sourceTree = BUILT_PRODUCTS_DIR; };
		F2F9A48626100BF5003BFB94 /* NetworkEndToEndClientTests.swift */ = {isa = PBXFileReference; lastKnownFileType = sourcecode.swift; path = NetworkEndToEndClientTests.swift; sourceTree = "<group>"; };
		F2F9A48826100BF5003BFB94 /* Info.plist */ = {isa = PBXFileReference; lastKnownFileType = text.plist.xml; path = Info.plist; sourceTree = "<group>"; };
/* End PBXFileReference section */

/* Begin PBXFrameworksBuildPhase section */
		F2F9A43C26100096003BFB94 /* Frameworks */ = {
			isa = PBXFrameworksBuildPhase;
			buildActionMask = 2147483647;
			files = (
			);
			runOnlyForDeploymentPostprocessing = 0;
		};
		F2F9A48126100BF5003BFB94 /* Frameworks */ = {
			isa = PBXFrameworksBuildPhase;
			buildActionMask = 2147483647;
			files = (
			);
			runOnlyForDeploymentPostprocessing = 0;
		};
/* End PBXFrameworksBuildPhase section */

/* Begin PBXGroup section */
		F2F9A43626100096003BFB94 = {
			isa = PBXGroup;
			children = (
				F2F9A44126100096003BFB94 /* NetworkExpectation */,
				F2F9A48526100BF5003BFB94 /* NetworkClientTests */,
				F2F9A44026100096003BFB94 /* Products */,
			);
			sourceTree = "<group>";
		};
		F2F9A44026100096003BFB94 /* Products */ = {
			isa = PBXGroup;
			children = (
				F2F9A43F26100096003BFB94 /* NetworkExpectation.app */,
				F2F9A48426100BF5003BFB94 /* NetworkClientTests.xctest */,
			);
			name = Products;
			sourceTree = "<group>";
		};
		F2F9A44126100096003BFB94 /* NetworkExpectation */ = {
			isa = PBXGroup;
			children = (
				F2F9A44226100096003BFB94 /* AppDelegate.swift */,
				F2F9A44426100096003BFB94 /* SceneDelegate.swift */,
				F2F9A44626100096003BFB94 /* ViewController.swift */,
				F2F9A44826100096003BFB94 /* Main.storyboard */,
				F2F9A44B26100099003BFB94 /* Assets.xcassets */,
				F2F9A44D26100099003BFB94 /* LaunchScreen.storyboard */,
				F2F9A45026100099003BFB94 /* Info.plist */,
				F2F9A4792610074E003BFB94 /* Network.swift */,
			);
			path = NetworkExpectation;
			sourceTree = "<group>";
		};
		F2F9A48526100BF5003BFB94 /* NetworkClientTests */ = {
			isa = PBXGroup;
			children = (
				F2F9A48626100BF5003BFB94 /* NetworkEndToEndClientTests.swift */,
				F2F9A48826100BF5003BFB94 /* Info.plist */,
			);
			path = NetworkClientTests;
			sourceTree = "<group>";
		};
/* End PBXGroup section */

/* Begin PBXNativeTarget section */
		F2F9A43E26100096003BFB94 /* NetworkExpectation */ = {
			isa = PBXNativeTarget;
			buildConfigurationList = F2F9A46926100099003BFB94 /* Build configuration list for PBXNativeTarget "NetworkExpectation" */;
			buildPhases = (
				F2F9A43B26100096003BFB94 /* Sources */,
				F2F9A43C26100096003BFB94 /* Frameworks */,
				F2F9A43D26100096003BFB94 /* Resources */,
			);
			buildRules = (
			);
			dependencies = (
			);
			name = NetworkExpectation;
			productName = NetworkExpectation;
			productReference = F2F9A43F26100096003BFB94 /* NetworkExpectation.app */;
			productType = "com.apple.product-type.application";
		};
		F2F9A48326100BF5003BFB94 /* NetworkClientTests */ = {
			isa = PBXNativeTarget;
			buildConfigurationList = F2F9A48B26100BF5003BFB94 /* Build configuration list for PBXNativeTarget "NetworkClientTests" */;
			buildPhases = (
				F2F9A48026100BF5003BFB94 /* Sources */,
				F2F9A48126100BF5003BFB94 /* Frameworks */,
				F2F9A48226100BF5003BFB94 /* Resources */,
			);
			buildRules = (
			);
			dependencies = (
				F2F9A48A26100BF5003BFB94 /* PBXTargetDependency */,
			);
			name = NetworkClientTests;
			productName = NetworkClientTests;
			productReference = F2F9A48426100BF5003BFB94 /* NetworkClientTests.xctest */;
			productType = "com.apple.product-type.bundle.unit-test";
		};
/* End PBXNativeTarget section */

/* Begin PBXProject section */
		F2F9A43726100096003BFB94 /* Project object */ = {
			isa = PBXProject;
			attributes = {
				LastSwiftUpdateCheck = 1240;
				LastUpgradeCheck = 1240;
				TargetAttributes = {
					F2F9A43E26100096003BFB94 = {
						CreatedOnToolsVersion = 12.4;
					};
					F2F9A48326100BF5003BFB94 = {
						CreatedOnToolsVersion = 12.4;
						TestTargetID = F2F9A43E26100096003BFB94;
					};
				};
			};
			buildConfigurationList = F2F9A43A26100096003BFB94 /* Build configuration list for PBXProject "NetworkExpectation" */;
			compatibilityVersion = "Xcode 9.3";
			developmentRegion = en;
			hasScannedForEncodings = 0;
			knownRegions = (
				en,
				Base,
			);
			mainGroup = F2F9A43626100096003BFB94;
			productRefGroup = F2F9A44026100096003BFB94 /* Products */;
			projectDirPath = "";
			projectRoot = "";
			targets = (
				F2F9A43E26100096003BFB94 /* NetworkExpectation */,
				F2F9A48326100BF5003BFB94 /* NetworkClientTests */,
			);
		};
/* End PBXProject section */

/* Begin PBXResourcesBuildPhase section */
		F2F9A43D26100096003BFB94 /* Resources */ = {
			isa = PBXResourcesBuildPhase;
			buildActionMask = 2147483647;
			files = (
				F2F9A44F26100099003BFB94 /* LaunchScreen.storyboard in Resources */,
				F2F9A44C26100099003BFB94 /* Assets.xcassets in Resources */,
				F2F9A44A26100096003BFB94 /* Main.storyboard in Resources */,
			);
			runOnlyForDeploymentPostprocessing = 0;
		};
		F2F9A48226100BF5003BFB94 /* Resources */ = {
			isa = PBXResourcesBuildPhase;
			buildActionMask = 2147483647;
			files = (
			);
			runOnlyForDeploymentPostprocessing = 0;
		};
/* End PBXResourcesBuildPhase section */

/* Begin PBXSourcesBuildPhase section */
		F2F9A43B26100096003BFB94 /* Sources */ = {
			isa = PBXSourcesBuildPhase;
			buildActionMask = 2147483647;
			files = (
				F2F9A44726100096003BFB94 /* ViewController.swift in Sources */,
				F2F9A44326100096003BFB94 /* AppDelegate.swift in Sources */,
				F2F9A47A2610074E003BFB94 /* Network.swift in Sources */,
				F2F9A44526100096003BFB94 /* SceneDelegate.swift in Sources */,
			);
			runOnlyForDeploymentPostprocessing = 0;
		};
		F2F9A48026100BF5003BFB94 /* Sources */ = {
			isa = PBXSourcesBuildPhase;
			buildActionMask = 2147483647;
			files = (
				F2F9A48726100BF5003BFB94 /* NetworkEndToEndClientTests.swift in Sources */,
			);
			runOnlyForDeploymentPostprocessing = 0;
		};
/* End PBXSourcesBuildPhase section */

/* Begin PBXTargetDependency section */
		F2F9A48A26100BF5003BFB94 /* PBXTargetDependency */ = {
			isa = PBXTargetDependency;
			target = F2F9A43E26100096003BFB94 /* NetworkExpectation */;
			targetProxy = F2F9A48926100BF5003BFB94 /* PBXContainerItemProxy */;
		};
/* End PBXTargetDependency section */

/* Begin PBXVariantGroup section */
		F2F9A44826100096003BFB94 /* Main.storyboard */ = {
			isa = PBXVariantGroup;
			children = (
				F2F9A44926100096003BFB94 /* Base */,
			);
			name = Main.storyboard;
			sourceTree = "<group>";
		};
		F2F9A44D26100099003BFB94 /* LaunchScreen.storyboard */ = {
			isa = PBXVariantGroup;
			children = (
				F2F9A44E26100099003BFB94 /* Base */,
			);
			name = LaunchScreen.storyboard;
			sourceTree = "<group>";
		};
/* End PBXVariantGroup section */

/* Begin XCBuildConfiguration section */
		F2F9A46726100099003BFB94 /* Debug */ = {
			isa = XCBuildConfiguration;
			buildSettings = {
				ALWAYS_SEARCH_USER_PATHS = NO;
				CLANG_ANALYZER_NONNULL = YES;
				CLANG_ANALYZER_NUMBER_OBJECT_CONVERSION = YES_AGGRESSIVE;
				CLANG_CXX_LANGUAGE_STANDARD = "gnu++14";
				CLANG_CXX_LIBRARY = "libc++";
				CLANG_ENABLE_MODULES = YES;
				CLANG_ENABLE_OBJC_ARC = YES;
				CLANG_ENABLE_OBJC_WEAK = YES;
				CLANG_WARN_BLOCK_CAPTURE_AUTORELEASING = YES;
				CLANG_WARN_BOOL_CONVERSION = YES;
				CLANG_WARN_COMMA = YES;
				CLANG_WARN_CONSTANT_CONVERSION = YES;
				CLANG_WARN_DEPRECATED_OBJC_IMPLEMENTATIONS = YES;
				CLANG_WARN_DIRECT_OBJC_ISA_USAGE = YES_ERROR;
				CLANG_WARN_DOCUMENTATION_COMMENTS = YES;
				CLANG_WARN_EMPTY_BODY = YES;
				CLANG_WARN_ENUM_CONVERSION = YES;
				CLANG_WARN_INFINITE_RECURSION = YES;
				CLANG_WARN_INT_CONVERSION = YES;
				CLANG_WARN_NON_LITERAL_NULL_CONVERSION = YES;
				CLANG_WARN_OBJC_IMPLICIT_RETAIN_SELF = YES;
				CLANG_WARN_OBJC_LITERAL_CONVERSION = YES;
				CLANG_WARN_OBJC_ROOT_CLASS = YES_ERROR;
				CLANG_WARN_QUOTED_INCLUDE_IN_FRAMEWORK_HEADER = YES;
				CLANG_WARN_RANGE_LOOP_ANALYSIS = YES;
				CLANG_WARN_STRICT_PROTOTYPES = YES;
				CLANG_WARN_SUSPICIOUS_MOVE = YES;
				CLANG_WARN_UNGUARDED_AVAILABILITY = YES_AGGRESSIVE;
				CLANG_WARN_UNREACHABLE_CODE = YES;
				CLANG_WARN__DUPLICATE_METHOD_MATCH = YES;
				COPY_PHASE_STRIP = NO;
				DEBUG_INFORMATION_FORMAT = dwarf;
				ENABLE_STRICT_OBJC_MSGSEND = YES;
				ENABLE_TESTABILITY = YES;
				GCC_C_LANGUAGE_STANDARD = gnu11;
				GCC_DYNAMIC_NO_PIC = NO;
				GCC_NO_COMMON_BLOCKS = YES;
				GCC_OPTIMIZATION_LEVEL = 0;
				GCC_PREPROCESSOR_DEFINITIONS = (
					"DEBUG=1",
					"$(inherited)",
				);
				GCC_WARN_64_TO_32_BIT_CONVERSION = YES;
				GCC_WARN_ABOUT_RETURN_TYPE = YES_ERROR;
				GCC_WARN_UNDECLARED_SELECTOR = YES;
				GCC_WARN_UNINITIALIZED_AUTOS = YES_AGGRESSIVE;
				GCC_WARN_UNUSED_FUNCTION = YES;
				GCC_WARN_UNUSED_VARIABLE = YES;
				IPHONEOS_DEPLOYMENT_TARGET = 14.4;
				MTL_ENABLE_DEBUG_INFO = INCLUDE_SOURCE;
				MTL_FAST_MATH = YES;
				ONLY_ACTIVE_ARCH = YES;
				SDKROOT = iphoneos;
				SWIFT_ACTIVE_COMPILATION_CONDITIONS = DEBUG;
				SWIFT_OPTIMIZATION_LEVEL = "-Onone";
			};
			name = Debug;
		};
		F2F9A46826100099003BFB94 /* Release */ = {
			isa = XCBuildConfiguration;
			buildSettings = {
				ALWAYS_SEARCH_USER_PATHS = NO;
				CLANG_ANALYZER_NONNULL = YES;
				CLANG_ANALYZER_NUMBER_OBJECT_CONVERSION = YES_AGGRESSIVE;
				CLANG_CXX_LANGUAGE_STANDARD = "gnu++14";
				CLANG_CXX_LIBRARY = "libc++";
				CLANG_ENABLE_MODULES = YES;
				CLANG_ENABLE_OBJC_ARC = YES;
				CLANG_ENABLE_OBJC_WEAK = YES;
				CLANG_WARN_BLOCK_CAPTURE_AUTORELEASING = YES;
				CLANG_WARN_BOOL_CONVERSION = YES;
				CLANG_WARN_COMMA = YES;
				CLANG_WARN_CONSTANT_CONVERSION = YES;
				CLANG_WARN_DEPRECATED_OBJC_IMPLEMENTATIONS = YES;
				CLANG_WARN_DIRECT_OBJC_ISA_USAGE = YES_ERROR;
				CLANG_WARN_DOCUMENTATION_COMMENTS = YES;
				CLANG_WARN_EMPTY_BODY = YES;
				CLANG_WARN_ENUM_CONVERSION = YES;
				CLANG_WARN_INFINITE_RECURSION = YES;
				CLANG_WARN_INT_CONVERSION = YES;
				CLANG_WARN_NON_LITERAL_NULL_CONVERSION = YES;
				CLANG_WARN_OBJC_IMPLICIT_RETAIN_SELF = YES;
				CLANG_WARN_OBJC_LITERAL_CONVERSION = YES;
				CLANG_WARN_OBJC_ROOT_CLASS = YES_ERROR;
				CLANG_WARN_QUOTED_INCLUDE_IN_FRAMEWORK_HEADER = YES;
				CLANG_WARN_RANGE_LOOP_ANALYSIS = YES;
				CLANG_WARN_STRICT_PROTOTYPES = YES;
				CLANG_WARN_SUSPICIOUS_MOVE = YES;
				CLANG_WARN_UNGUARDED_AVAILABILITY = YES_AGGRESSIVE;
				CLANG_WARN_UNREACHABLE_CODE = YES;
				CLANG_WARN__DUPLICATE_METHOD_MATCH = YES;
				COPY_PHASE_STRIP = NO;
				DEBUG_INFORMATION_FORMAT = "dwarf-with-dsym";
				ENABLE_NS_ASSERTIONS = NO;
				ENABLE_STRICT_OBJC_MSGSEND = YES;
				GCC_C_LANGUAGE_STANDARD = gnu11;
				GCC_NO_COMMON_BLOCKS = YES;
				GCC_WARN_64_TO_32_BIT_CONVERSION = YES;
				GCC_WARN_ABOUT_RETURN_TYPE = YES_ERROR;
				GCC_WARN_UNDECLARED_SELECTOR = YES;
				GCC_WARN_UNINITIALIZED_AUTOS = YES_AGGRESSIVE;
				GCC_WARN_UNUSED_FUNCTION = YES;
				GCC_WARN_UNUSED_VARIABLE = YES;
				IPHONEOS_DEPLOYMENT_TARGET = 14.4;
				MTL_ENABLE_DEBUG_INFO = NO;
				MTL_FAST_MATH = YES;
				SDKROOT = iphoneos;
				SWIFT_COMPILATION_MODE = wholemodule;
				SWIFT_OPTIMIZATION_LEVEL = "-O";
				VALIDATE_PRODUCT = YES;
			};
			name = Release;
		};
		F2F9A46A26100099003BFB94 /* Debug */ = {
			isa = XCBuildConfiguration;
			buildSettings = {
				ASSETCATALOG_COMPILER_APPICON_NAME = AppIcon;
				ASSETCATALOG_COMPILER_GLOBAL_ACCENT_COLOR_NAME = AccentColor;
				CODE_SIGN_STYLE = Automatic;
				DEVELOPMENT_TEAM = D4ZUPHQCZR;
				INFOPLIST_FILE = NetworkExpectation/Info.plist;
				LD_RUNPATH_SEARCH_PATHS = (
					"$(inherited)",
					"@executable_path/Frameworks",
				);
				PRODUCT_BUNDLE_IDENTIFIER = com.mario.NetworkExpectation;
				PRODUCT_NAME = "$(TARGET_NAME)";
				SWIFT_VERSION = 5.0;
				TARGETED_DEVICE_FAMILY = "1,2";
			};
			name = Debug;
		};
		F2F9A46B26100099003BFB94 /* Release */ = {
			isa = XCBuildConfiguration;
			buildSettings = {
				ASSETCATALOG_COMPILER_APPICON_NAME = AppIcon;
				ASSETCATALOG_COMPILER_GLOBAL_ACCENT_COLOR_NAME = AccentColor;
				CODE_SIGN_STYLE = Automatic;
				DEVELOPMENT_TEAM = D4ZUPHQCZR;
				INFOPLIST_FILE = NetworkExpectation/Info.plist;
				LD_RUNPATH_SEARCH_PATHS = (
					"$(inherited)",
					"@executable_path/Frameworks",
				);
				PRODUCT_BUNDLE_IDENTIFIER = com.mario.NetworkExpectation;
				PRODUCT_NAME = "$(TARGET_NAME)";
				SWIFT_VERSION = 5.0;
				TARGETED_DEVICE_FAMILY = "1,2";
			};
			name = Release;
		};
		F2F9A48C26100BF5003BFB94 /* Debug */ = {
			isa = XCBuildConfiguration;
			buildSettings = {
				BUNDLE_LOADER = "$(TEST_HOST)";
				CODE_SIGN_STYLE = Automatic;
				DEVELOPMENT_TEAM = D4ZUPHQCZR;
				INFOPLIST_FILE = NetworkClientTests/Info.plist;
				LD_RUNPATH_SEARCH_PATHS = (
					"$(inherited)",
					"@executable_path/Frameworks",
					"@loader_path/Frameworks",
				);
				PRODUCT_BUNDLE_IDENTIFIER = com.mario.NetworkClientTests;
				PRODUCT_NAME = "$(TARGET_NAME)";
				SWIFT_VERSION = 5.0;
				TARGETED_DEVICE_FAMILY = "1,2";
				TEST_HOST = "$(BUILT_PRODUCTS_DIR)/NetworkExpectation.app/NetworkExpectation";
			};
			name = Debug;
		};
		F2F9A48D26100BF5003BFB94 /* Release */ = {
			isa = XCBuildConfiguration;
			buildSettings = {
				BUNDLE_LOADER = "$(TEST_HOST)";
				CODE_SIGN_STYLE = Automatic;
				DEVELOPMENT_TEAM = D4ZUPHQCZR;
				INFOPLIST_FILE = NetworkClientTests/Info.plist;
				LD_RUNPATH_SEARCH_PATHS = (
					"$(inherited)",
					"@executable_path/Frameworks",
					"@loader_path/Frameworks",
				);
				PRODUCT_BUNDLE_IDENTIFIER = com.mario.NetworkClientTests;
				PRODUCT_NAME = "$(TARGET_NAME)";
				SWIFT_VERSION = 5.0;
				TARGETED_DEVICE_FAMILY = "1,2";
				TEST_HOST = "$(BUILT_PRODUCTS_DIR)/NetworkExpectation.app/NetworkExpectation";
			};
			name = Release;
		};
/* End XCBuildConfiguration section */

/* Begin XCConfigurationList section */
		F2F9A43A26100096003BFB94 /* Build configuration list for PBXProject "NetworkExpectation" */ = {
			isa = XCConfigurationList;
			buildConfigurations = (
				F2F9A46726100099003BFB94 /* Debug */,
				F2F9A46826100099003BFB94 /* Release */,
			);
			defaultConfigurationIsVisible = 0;
			defaultConfigurationName = Release;
		};
		F2F9A46926100099003BFB94 /* Build configuration list for PBXNativeTarget "NetworkExpectation" */ = {
			isa = XCConfigurationList;
			buildConfigurations = (
				F2F9A46A26100099003BFB94 /* Debug */,
				F2F9A46B26100099003BFB94 /* Release */,
			);
			defaultConfigurationIsVisible = 0;
			defaultConfigurationName = Release;
		};
		F2F9A48B26100BF5003BFB94 /* Build configuration list for PBXNativeTarget "NetworkClientTests" */ = {
			isa = XCConfigurationList;
			buildConfigurations = (
				F2F9A48C26100BF5003BFB94 /* Debug */,
				F2F9A48D26100BF5003BFB94 /* Release */,
			);
			defaultConfigurationIsVisible = 0;
			defaultConfigurationName = Release;
		};
/* End XCConfigurationList section */
	};
	rootObject = F2F9A43726100096003BFB94 /* Project object */;
}
